
Microsoft Visual Studio Solution File, Format Version 12.00
Project("{FAE04EC0-301F-11D3-BF4B-00C04F79EFBC}") = "Domain", "Domain\Domain.csproj", "{763FA04C-C6B9-4B7C-BB18-A40065F662C8}"
EndProject
Project("{FAE04EC0-301F-11D3-BF4B-00C04F79EFBC}") = "Application", "Application\Application.csproj", "{3DA2029B-C45A-48BF-ABD0-106626C4D6F3}"
EndProject
Project("{FAE04EC0-301F-11D3-BF4B-00C04F79EFBC}") = "Infrastructure", "Infrastructure\Infrastructure.csproj", "{C6F61C96-74D0-4DAA-B44B-4BF70BAF9157}"
EndProject
Project("{FAE04EC0-301F-11D3-BF4B-00C04F79EFBC}") = "API", "API\API.csproj", "{B9A7E348-09F8-4A32-BAC0-06014DAEBD81}"
EndProject
Global
	GlobalSection(SolutionConfigurationPlatforms) = preSolution
		Debug|Any CPU = Debug|Any CPU
		Release|Any CPU = Release|Any CPU
	EndGlobalSection
	GlobalSection(ProjectConfigurationPlatforms) = postSolution
		{763FA04C-C6B9-4B7C-BB18-A40065F662C8}.Debug|Any CPU.ActiveCfg = Debug|Any CPU
		{763FA04C-C6B9-4B7C-BB18-A40065F662C8}.Debug|Any CPU.Build.0 = Debug|Any CPU
		{763FA04C-C6B9-4B7C-BB18-A40065F662C8}.Release|Any CPU.ActiveCfg = Release|Any CPU
		{763FA04C-C6B9-4B7C-BB18-A40065F662C8}.Release|Any CPU.Build.0 = Release|Any CPU
		{3DA2029B-C45A-48BF-ABD0-106626C4D6F3}.Debug|Any CPU.ActiveCfg = Debug|Any CPU
		{3DA2029B-C45A-48BF-ABD0-106626C4D6F3}.Debug|Any CPU.Build.0 = Debug|Any CPU
		{3DA2029B-C45A-48BF-ABD0-106626C4D6F3}.Release|Any CPU.ActiveCfg = Release|Any CPU
		{3DA2029B-C45A-48BF-ABD0-106626C4D6F3}.Release|Any CPU.Build.0 = Release|Any CPU
		{C6F61C96-74D0-4DAA-B44B-4BF70BAF9157}.Debug|Any CPU.ActiveCfg = Debug|Any CPU
		{C6F61C96-74D0-4DAA-B44B-4BF70BAF9157}.Debug|Any CPU.Build.0 = Debug|Any CPU
		{C6F61C96-74D0-4DAA-B44B-4BF70BAF9157}.Release|Any CPU.ActiveCfg = Release|Any CPU
		{C6F61C96-74D0-4DAA-B44B-4BF70BAF9157}.Release|Any CPU.Build.0 = Release|Any CPU
		{B9A7E348-09F8-4A32-BAC0-06014DAEBD81}.Debug|Any CPU.ActiveCfg = Debug|Any CPU
		{B9A7E348-09F8-4A32-BAC0-06014DAEBD81}.Debug|Any CPU.Build.0 = Debug|Any CPU
		{B9A7E348-09F8-4A32-BAC0-06014DAEBD81}.Release|Any CPU.ActiveCfg = Release|Any CPU
		{B9A7E348-09F8-4A32-BAC0-06014DAEBD81}.Release|Any CPU.Build.0 = Release|Any CPU
	EndGlobalSection
EndGlobal
